
Microsoft Visual Studio Solution File, Format Version 12.00
# Visual Studio Version 17
VisualStudioVersion = 17.13.35931.197 d17.13
MinimumVisualStudioVersion = 10.0.40219.1
Project("{FAE04EC0-301F-11D3-BF4B-00C04F79EFBC}") = "WH", "WH\WH.csproj", "{00C35FA1-1FA2-4D50-B371-283DBCE8B997}"
EndProject
Global
	GlobalSection(SolutionConfigurationPlatforms) = preSolution
		Debug|Any CPU = Debug|Any CPU
		Release|Any CPU = Release|Any CPU
	EndGlobalSection
	GlobalSection(ProjectConfigurationPlatforms) = postSolution
		{00C35FA1-1FA2-4D50-B371-283DBCE8B997}.Debug|Any CPU.ActiveCfg = Debug|Any CPU
		{00C35FA1-1FA2-4D50-B371-283DBCE8B997}.Debug|Any CPU.Build.0 = Debug|Any CPU
		{00C35FA1-1FA2-4D50-B371-283DBCE8B997}.Release|Any CPU.ActiveCfg = Release|Any CPU
		{00C35FA1-1FA2-4D50-B371-283DBCE8B997}.Release|Any CPU.Build.0 = Release|Any CPU
	EndGlobalSection
	GlobalSection(SolutionProperties) = preSolution
		HideSolutionNode = FALSE
	EndGlobalSection
	GlobalSection(ExtensibilityGlobals) = postSolution
		SolutionGuid = {AA0374AB-5867-4D42-A4C6-0D5D9440793D}
	EndGlobalSection
EndGlobal
