
Microsoft Visual Studio Solution File, Format Version 12.00
# Visual Studio Version 17
VisualStudioVersion = 17.13.35931.197 d17.13
MinimumVisualStudioVersion = 10.0.40219.1
Project("{FAE04EC0-301F-11D3-BF4B-00C04F79EFBC}") = "House", "House\House.csproj", "{AD507350-639F-46AB-99BC-E9B57E5EE94A}"
EndProject
Global
	GlobalSection(SolutionConfigurationPlatforms) = preSolution
		Debug|Any CPU = Debug|Any CPU
		Release|Any CPU = Release|Any CPU
	EndGlobalSection
	GlobalSection(ProjectConfigurationPlatforms) = postSolution
		{AD507350-639F-46AB-99BC-E9B57E5EE94A}.Debug|Any CPU.ActiveCfg = Debug|Any CPU
		{AD507350-639F-46AB-99BC-E9B57E5EE94A}.Debug|Any CPU.Build.0 = Debug|Any CPU
		{AD507350-639F-46AB-99BC-E9B57E5EE94A}.Release|Any CPU.ActiveCfg = Release|Any CPU
		{AD507350-639F-46AB-99BC-E9B57E5EE94A}.Release|Any CPU.Build.0 = Release|Any CPU
	EndGlobalSection
	GlobalSection(SolutionProperties) = preSolution
		HideSolutionNode = FALSE
	EndGlobalSection
	GlobalSection(ExtensibilityGlobals) = postSolution
		SolutionGuid = {255704E2-8B35-481E-92D6-699497359F02}
	EndGlobalSection
EndGlobal
